
Microsoft Visual Studio Solution File, Format Version 12.00
# Visual Studio 15
VisualStudioVersion = 15.0.27703.2042
MinimumVisualStudioVersion = 10.0.40219.1
Project("{FAE04EC0-301F-11D3-BF4B-00C04F79EFBC}") = "SportsStore", "SportsStore\SportsStore.csproj", "{2048416C-F253-4F86-9754-07EEF2E3ABB5}"
EndProject
Project("{FAE04EC0-301F-11D3-BF4B-00C04F79EFBC}") = "SportsStore.Tests", "SportsStore.Tests\SportsStore.Tests.csproj", "{CBE87918-06AF-46B2-BC87-5C3D5771E8A2}"
EndProject
Global
	GlobalSection(SolutionConfigurationPlatforms) = preSolution
		Debug|Any CPU = Debug|Any CPU
		Release|Any CPU = Release|Any CPU
	EndGlobalSection
	GlobalSection(ProjectConfigurationPlatforms) = postSolution
		{2048416C-F253-4F86-9754-07EEF2E3ABB5}.Debug|Any CPU.ActiveCfg = Debug|Any CPU
		{2048416C-F253-4F86-9754-07EEF2E3ABB5}.Debug|Any CPU.Build.0 = Debug|Any CPU
		{2048416C-F253-4F86-9754-07EEF2E3ABB5}.Release|Any CPU.ActiveCfg = Release|Any CPU
		{2048416C-F253-4F86-9754-07EEF2E3ABB5}.Release|Any CPU.Build.0 = Release|Any CPU
		{CBE87918-06AF-46B2-BC87-5C3D5771E8A2}.Debug|Any CPU.ActiveCfg = Debug|Any CPU
		{CBE87918-06AF-46B2-BC87-5C3D5771E8A2}.Debug|Any CPU.Build.0 = Debug|Any CPU
		{CBE87918-06AF-46B2-BC87-5C3D5771E8A2}.Release|Any CPU.ActiveCfg = Release|Any CPU
		{CBE87918-06AF-46B2-BC87-5C3D5771E8A2}.Release|Any CPU.Build.0 = Release|Any CPU
	EndGlobalSection
	GlobalSection(SolutionProperties) = preSolution
		HideSolutionNode = FALSE
	EndGlobalSection
	GlobalSection(ExtensibilityGlobals) = postSolution
		SolutionGuid = {6134866A-2832-4FB1-A548-4A3C1283C52C}
	EndGlobalSection
EndGlobal
